// !$*UTF8*$!
{
	archiveVersion = 1;
	classes = {
	};
	objectVersion = 55;
	objects = {

/* Begin PBXBuildFile section */
		5FF5518328D20DAA00FC9E75 /* AppDelegate.swift in Sources */ = {isa = PBXBuildFile; fileRef = 5FF5518228D20DAA00FC9E75 /* AppDelegate.swift */; };
		5FF5518528D20DAA00FC9E75 /* SceneDelegate.swift in Sources */ = {isa = PBXBuildFile; fileRef = 5FF5518428D20DAA00FC9E75 /* SceneDelegate.swift */; };
		5FF5518728D20DAA00FC9E75 /* ViewController.swift in Sources */ = {isa = PBXBuildFile; fileRef = 5FF5518628D20DAA00FC9E75 /* ViewController.swift */; };
		5FF5518A28D20DAA00FC9E75 /* Main.storyboard in Resources */ = {isa = PBXBuildFile; fileRef = 5FF5518828D20DAA00FC9E75 /* Main.storyboard */; };
		5FF5518C28D20DAB00FC9E75 /* Assets.xcassets in Resources */ = {isa = PBXBuildFile; fileRef = 5FF5518B28D20DAB00FC9E75 /* Assets.xcassets */; };
		5FF5518F28D20DAB00FC9E75 /* LaunchScreen.storyboard in Resources */ = {isa = PBXBuildFile; fileRef = 5FF5518D28D20DAB00FC9E75 /* LaunchScreen.storyboard */; };
		5FF5519A28D20DAB00FC9E75 /* RickAndMortyByLenarTests.swift in Sources */ = {isa = PBXBuildFile; fileRef = 5FF5519928D20DAB00FC9E75 /* RickAndMortyByLenarTests.swift */; };
		5FF551A428D20DAB00FC9E75 /* RickAndMortyByLenarUITests.swift in Sources */ = {isa = PBXBuildFile; fileRef = 5FF551A328D20DAB00FC9E75 /* RickAndMortyByLenarUITests.swift */; };
		5FF551A628D20DAB00FC9E75 /* RickAndMortyByLenarUITestsLaunchTests.swift in Sources */ = {isa = PBXBuildFile; fileRef = 5FF551A528D20DAB00FC9E75 /* RickAndMortyByLenarUITestsLaunchTests.swift */; };
/* End PBXBuildFile section */

/* Begin PBXContainerItemProxy section */
		5FF5519628D20DAB00FC9E75 /* PBXContainerItemProxy */ = {
			isa = PBXContainerItemProxy;
			containerPortal = 5FF5517728D20DAA00FC9E75 /* Project object */;
			proxyType = 1;
			remoteGlobalIDString = 5FF5517E28D20DAA00FC9E75;
			remoteInfo = RickAndMortyByLenar;
		};
		5FF551A028D20DAB00FC9E75 /* PBXContainerItemProxy */ = {
			isa = PBXContainerItemProxy;
			containerPortal = 5FF5517728D20DAA00FC9E75 /* Project object */;
			proxyType = 1;
			remoteGlobalIDString = 5FF5517E28D20DAA00FC9E75;
			remoteInfo = RickAndMortyByLenar;
		};
/* End PBXContainerItemProxy section */

/* Begin PBXFileReference section */
		5FF5517F28D20DAA00FC9E75 /* RickAndMortyByLenar.app */ = {isa = PBXFileReference; explicitFileType = wrapper.application; includeInIndex = 0; path = RickAndMortyByLenar.app; sourceTree = BUILT_PRODUCTS_DIR; };
		5FF5518228D20DAA00FC9E75 /* AppDelegate.swift */ = {isa = PBXFileReference; lastKnownFileType = sourcecode.swift; path = AppDelegate.swift; sourceTree = "<group>"; };
		5FF5518428D20DAA00FC9E75 /* SceneDelegate.swift */ = {isa = PBXFileReference; lastKnownFileType = sourcecode.swift; path = SceneDelegate.swift; sourceTree = "<group>"; };
		5FF5518628D20DAA00FC9E75 /* ViewController.swift */ = {isa = PBXFileReference; lastKnownFileType = sourcecode.swift; path = ViewController.swift; sourceTree = "<group>"; };
		5FF5518928D20DAA00FC9E75 /* Base */ = {isa = PBXFileReference; lastKnownFileType = file.storyboard; name = Base; path = Base.lproj/Main.storyboard; sourceTree = "<group>"; };
		5FF5518B28D20DAB00FC9E75 /* Assets.xcassets */ = {isa = PBXFileReference; lastKnownFileType = folder.assetcatalog; path = Assets.xcassets; sourceTree = "<group>"; };
		5FF5518E28D20DAB00FC9E75 /* Base */ = {isa = PBXFileReference; lastKnownFileType = file.storyboard; name = Base; path = Base.lproj/LaunchScreen.storyboard; sourceTree = "<group>"; };
		5FF5519028D20DAB00FC9E75 /* Info.plist */ = {isa = PBXFileReference; lastKnownFileType = text.plist.xml; path = Info.plist; sourceTree = "<group>"; };
		5FF5519528D20DAB00FC9E75 /* RickAndMortyByLenarTests.xctest */ = {isa = PBXFileReference; explicitFileType = wrapper.cfbundle; includeInIndex = 0; path = RickAndMortyByLenarTests.xctest; sourceTree = BUILT_PRODUCTS_DIR; };
		5FF5519928D20DAB00FC9E75 /* RickAndMortyByLenarTests.swift */ = {isa = PBXFileReference; lastKnownFileType = sourcecode.swift; path = RickAndMortyByLenarTests.swift; sourceTree = "<group>"; };
		5FF5519F28D20DAB00FC9E75 /* RickAndMortyByLenarUITests.xctest */ = {isa = PBXFileReference; explicitFileType = wrapper.cfbundle; includeInIndex = 0; path = RickAndMortyByLenarUITests.xctest; sourceTree = BUILT_PRODUCTS_DIR; };
		5FF551A328D20DAB00FC9E75 /* RickAndMortyByLenarUITests.swift */ = {isa = PBXFileReference; lastKnownFileType = sourcecode.swift; path = RickAndMortyByLenarUITests.swift; sourceTree = "<group>"; };
		5FF551A528D20DAB00FC9E75 /* RickAndMortyByLenarUITestsLaunchTests.swift */ = {isa = PBXFileReference; lastKnownFileType = sourcecode.swift; path = RickAndMortyByLenarUITestsLaunchTests.swift; sourceTree = "<group>"; };
/* End PBXFileReference section */

/* Begin PBXFrameworksBuildPhase section */
		5FF5517C28D20DAA00FC9E75 /* Frameworks */ = {
			isa = PBXFrameworksBuildPhase;
			buildActionMask = 2147483647;
			files = (
			);
			runOnlyForDeploymentPostprocessing = 0;
		};
		5FF5519228D20DAB00FC9E75 /* Frameworks */ = {
			isa = PBXFrameworksBuildPhase;
			buildActionMask = 2147483647;
			files = (
			);
			runOnlyForDeploymentPostprocessing = 0;
		};
		5FF5519C28D20DAB00FC9E75 /* Frameworks */ = {
			isa = PBXFrameworksBuildPhase;
			buildActionMask = 2147483647;
			files = (
			);
			runOnlyForDeploymentPostprocessing = 0;
		};
/* End PBXFrameworksBuildPhase section */

/* Begin PBXGroup section */
		5FF5517628D20DAA00FC9E75 = {
			isa = PBXGroup;
			children = (
				5FF5518128D20DAA00FC9E75 /* RickAndMortyByLenar */,
				5FF5519828D20DAB00FC9E75 /* RickAndMortyByLenarTests */,
				5FF551A228D20DAB00FC9E75 /* RickAndMortyByLenarUITests */,
				5FF5518028D20DAA00FC9E75 /* Products */,
			);
			sourceTree = "<group>";
		};
		5FF5518028D20DAA00FC9E75 /* Products */ = {
			isa = PBXGroup;
			children = (
				5FF5517F28D20DAA00FC9E75 /* RickAndMortyByLenar.app */,
				5FF5519528D20DAB00FC9E75 /* RickAndMortyByLenarTests.xctest */,
				5FF5519F28D20DAB00FC9E75 /* RickAndMortyByLenarUITests.xctest */,
			);
			name = Products;
			sourceTree = "<group>";
		};
		5FF5518128D20DAA00FC9E75 /* RickAndMortyByLenar */ = {
			isa = PBXGroup;
			children = (
				5FF5518228D20DAA00FC9E75 /* AppDelegate.swift */,
				5FF5518428D20DAA00FC9E75 /* SceneDelegate.swift */,
				5FF5518628D20DAA00FC9E75 /* ViewController.swift */,
				5FF5518828D20DAA00FC9E75 /* Main.storyboard */,
				5FF5518B28D20DAB00FC9E75 /* Assets.xcassets */,
				5FF5518D28D20DAB00FC9E75 /* LaunchScreen.storyboard */,
				5FF5519028D20DAB00FC9E75 /* Info.plist */,
			);
			path = RickAndMortyByLenar;
			sourceTree = "<group>";
		};
		5FF5519828D20DAB00FC9E75 /* RickAndMortyByLenarTests */ = {
			isa = PBXGroup;
			children = (
				5FF5519928D20DAB00FC9E75 /* RickAndMortyByLenarTests.swift */,
			);
			path = RickAndMortyByLenarTests;
			sourceTree = "<group>";
		};
		5FF551A228D20DAB00FC9E75 /* RickAndMortyByLenarUITests */ = {
			isa = PBXGroup;
			children = (
				5FF551A328D20DAB00FC9E75 /* RickAndMortyByLenarUITests.swift */,
				5FF551A528D20DAB00FC9E75 /* RickAndMortyByLenarUITestsLaunchTests.swift */,
			);
			path = RickAndMortyByLenarUITests;
			sourceTree = "<group>";
		};
/* End PBXGroup section */

/* Begin PBXNativeTarget section */
		5FF5517E28D20DAA00FC9E75 /* RickAndMortyByLenar */ = {
			isa = PBXNativeTarget;
			buildConfigurationList = 5FF551A928D20DAB00FC9E75 /* Build configuration list for PBXNativeTarget "RickAndMortyByLenar" */;
			buildPhases = (
				5FF5517B28D20DAA00FC9E75 /* Sources */,
				5FF5517C28D20DAA00FC9E75 /* Frameworks */,
				5FF5517D28D20DAA00FC9E75 /* Resources */,
			);
			buildRules = (
			);
			dependencies = (
			);
			name = RickAndMortyByLenar;
			productName = RickAndMortyByLenar;
			productReference = 5FF5517F28D20DAA00FC9E75 /* RickAndMortyByLenar.app */;
			productType = "com.apple.product-type.application";
		};
		5FF5519428D20DAB00FC9E75 /* RickAndMortyByLenarTests */ = {
			isa = PBXNativeTarget;
			buildConfigurationList = 5FF551AC28D20DAB00FC9E75 /* Build configuration list for PBXNativeTarget "RickAndMortyByLenarTests" */;
			buildPhases = (
				5FF5519128D20DAB00FC9E75 /* Sources */,
				5FF5519228D20DAB00FC9E75 /* Frameworks */,
				5FF5519328D20DAB00FC9E75 /* Resources */,
			);
			buildRules = (
			);
			dependencies = (
				5FF5519728D20DAB00FC9E75 /* PBXTargetDependency */,
			);
			name = RickAndMortyByLenarTests;
			productName = RickAndMortyByLenarTests;
			productReference = 5FF5519528D20DAB00FC9E75 /* RickAndMortyByLenarTests.xctest */;
			productType = "com.apple.product-type.bundle.unit-test";
		};
		5FF5519E28D20DAB00FC9E75 /* RickAndMortyByLenarUITests */ = {
			isa = PBXNativeTarget;
			buildConfigurationList = 5FF551AF28D20DAB00FC9E75 /* Build configuration list for PBXNativeTarget "RickAndMortyByLenarUITests" */;
			buildPhases = (
				5FF5519B28D20DAB00FC9E75 /* Sources */,
				5FF5519C28D20DAB00FC9E75 /* Frameworks */,
				5FF5519D28D20DAB00FC9E75 /* Resources */,
			);
			buildRules = (
			);
			dependencies = (
				5FF551A128D20DAB00FC9E75 /* PBXTargetDependency */,
			);
			name = RickAndMortyByLenarUITests;
			productName = RickAndMortyByLenarUITests;
			productReference = 5FF5519F28D20DAB00FC9E75 /* RickAndMortyByLenarUITests.xctest */;
			productType = "com.apple.product-type.bundle.ui-testing";
		};
/* End PBXNativeTarget section */

/* Begin PBXProject section */
		5FF5517728D20DAA00FC9E75 /* Project object */ = {
			isa = PBXProject;
			attributes = {
				BuildIndependentTargetsInParallel = 1;
				LastSwiftUpdateCheck = 1320;
				LastUpgradeCheck = 1320;
				TargetAttributes = {
					5FF5517E28D20DAA00FC9E75 = {
						CreatedOnToolsVersion = 13.2.1;
					};
					5FF5519428D20DAB00FC9E75 = {
						CreatedOnToolsVersion = 13.2.1;
						TestTargetID = 5FF5517E28D20DAA00FC9E75;
					};
					5FF5519E28D20DAB00FC9E75 = {
						CreatedOnToolsVersion = 13.2.1;
						TestTargetID = 5FF5517E28D20DAA00FC9E75;
					};
				};
			};
			buildConfigurationList = 5FF5517A28D20DAA00FC9E75 /* Build configuration list for PBXProject "RickAndMortyByLenar" */;
			compatibilityVersion = "Xcode 13.0";
			developmentRegion = en;
			hasScannedForEncodings = 0;
			knownRegions = (
				en,
				Base,
			);
			mainGroup = 5FF5517628D20DAA00FC9E75;
			productRefGroup = 5FF5518028D20DAA00FC9E75 /* Products */;
			projectDirPath = "";
			projectRoot = "";
			targets = (
				5FF5517E28D20DAA00FC9E75 /* RickAndMortyByLenar */,
				5FF5519428D20DAB00FC9E75 /* RickAndMortyByLenarTests */,
				5FF5519E28D20DAB00FC9E75 /* RickAndMortyByLenarUITests */,
			);
		};
/* End PBXProject section */

/* Begin PBXResourcesBuildPhase section */
		5FF5517D28D20DAA00FC9E75 /* Resources */ = {
			isa = PBXResourcesBuildPhase;
			buildActionMask = 2147483647;
			files = (
				5FF5518F28D20DAB00FC9E75 /* LaunchScreen.storyboard in Resources */,
				5FF5518C28D20DAB00FC9E75 /* Assets.xcassets in Resources */,
				5FF5518A28D20DAA00FC9E75 /* Main.storyboard in Resources */,
			);
			runOnlyForDeploymentPostprocessing = 0;
		};
		5FF5519328D20DAB00FC9E75 /* Resources */ = {
			isa = PBXResourcesBuildPhase;
			buildActionMask = 2147483647;
			files = (
			);
			runOnlyForDeploymentPostprocessing = 0;
		};
		5FF5519D28D20DAB00FC9E75 /* Resources */ = {
			isa = PBXResourcesBuildPhase;
			buildActionMask = 2147483647;
			files = (
			);
			runOnlyForDeploymentPostprocessing = 0;
		};
/* End PBXResourcesBuildPhase section */

/* Begin PBXSourcesBuildPhase section */
		5FF5517B28D20DAA00FC9E75 /* Sources */ = {
			isa = PBXSourcesBuildPhase;
			buildActionMask = 2147483647;
			files = (
				5FF5518728D20DAA00FC9E75 /* ViewController.swift in Sources */,
				5FF5518328D20DAA00FC9E75 /* AppDelegate.swift in Sources */,
				5FF5518528D20DAA00FC9E75 /* SceneDelegate.swift in Sources */,
			);
			runOnlyForDeploymentPostprocessing = 0;
		};
		5FF5519128D20DAB00FC9E75 /* Sources */ = {
			isa = PBXSourcesBuildPhase;
			buildActionMask = 2147483647;
			files = (
				5FF5519A28D20DAB00FC9E75 /* RickAndMortyByLenarTests.swift in Sources */,
			);
			runOnlyForDeploymentPostprocessing = 0;
		};
		5FF5519B28D20DAB00FC9E75 /* Sources */ = {
			isa = PBXSourcesBuildPhase;
			buildActionMask = 2147483647;
			files = (
				5FF551A428D20DAB00FC9E75 /* RickAndMortyByLenarUITests.swift in Sources */,
				5FF551A628D20DAB00FC9E75 /* RickAndMortyByLenarUITestsLaunchTests.swift in Sources */,
			);
			runOnlyForDeploymentPostprocessing = 0;
		};
/* End PBXSourcesBuildPhase section */

/* Begin PBXTargetDependency section */
		5FF5519728D20DAB00FC9E75 /* PBXTargetDependency */ = {
			isa = PBXTargetDependency;
			target = 5FF5517E28D20DAA00FC9E75 /* RickAndMortyByLenar */;
			targetProxy = 5FF5519628D20DAB00FC9E75 /* PBXContainerItemProxy */;
		};
		5FF551A128D20DAB00FC9E75 /* PBXTargetDependency */ = {
			isa = PBXTargetDependency;
			target = 5FF5517E28D20DAA00FC9E75 /* RickAndMortyByLenar */;
			targetProxy = 5FF551A028D20DAB00FC9E75 /* PBXContainerItemProxy */;
		};
/* End PBXTargetDependency section */

/* Begin PBXVariantGroup section */
		5FF5518828D20DAA00FC9E75 /* Main.storyboard */ = {
			isa = PBXVariantGroup;
			children = (
				5FF5518928D20DAA00FC9E75 /* Base */,
			);
			name = Main.storyboard;
			sourceTree = "<group>";
		};
		5FF5518D28D20DAB00FC9E75 /* LaunchScreen.storyboard */ = {
			isa = PBXVariantGroup;
			children = (
				5FF5518E28D20DAB00FC9E75 /* Base */,
			);
			name = LaunchScreen.storyboard;
			sourceTree = "<group>";
		};
/* End PBXVariantGroup section */

/* Begin XCBuildConfiguration section */
		5FF551A728D20DAB00FC9E75 /* Debug */ = {
			isa = XCBuildConfiguration;
			buildSettings = {
				ALWAYS_SEARCH_USER_PATHS = NO;
				CLANG_ANALYZER_NONNULL = YES;
				CLANG_ANALYZER_NUMBER_OBJECT_CONVERSION = YES_AGGRESSIVE;
				CLANG_CXX_LANGUAGE_STANDARD = "gnu++17";
				CLANG_CXX_LIBRARY = "libc++";
				CLANG_ENABLE_MODULES = YES;
				CLANG_ENABLE_OBJC_ARC = YES;
				CLANG_ENABLE_OBJC_WEAK = YES;
				CLANG_WARN_BLOCK_CAPTURE_AUTORELEASING = YES;
				CLANG_WARN_BOOL_CONVERSION = YES;
				CLANG_WARN_COMMA = YES;
				CLANG_WARN_CONSTANT_CONVERSION = YES;
				CLANG_WARN_DEPRECATED_OBJC_IMPLEMENTATIONS = YES;
				CLANG_WARN_DIRECT_OBJC_ISA_USAGE = YES_ERROR;
				CLANG_WARN_DOCUMENTATION_COMMENTS = YES;
				CLANG_WARN_EMPTY_BODY = YES;
				CLANG_WARN_ENUM_CONVERSION = YES;
				CLANG_WARN_INFINITE_RECURSION = YES;
				CLANG_WARN_INT_CONVERSION = YES;
				CLANG_WARN_NON_LITERAL_NULL_CONVERSION = YES;
				CLANG_WARN_OBJC_IMPLICIT_RETAIN_SELF = YES;
				CLANG_WARN_OBJC_LITERAL_CONVERSION = YES;
				CLANG_WARN_OBJC_ROOT_CLASS = YES_ERROR;
				CLANG_WARN_QUOTED_INCLUDE_IN_FRAMEWORK_HEADER = YES;
				CLANG_WARN_RANGE_LOOP_ANALYSIS = YES;
				CLANG_WARN_STRICT_PROTOTYPES = YES;
				CLANG_WARN_SUSPICIOUS_MOVE = YES;
				CLANG_WARN_UNGUARDED_AVAILABILITY = YES_AGGRESSIVE;
				CLANG_WARN_UNREACHABLE_CODE = YES;
				CLANG_WARN__DUPLICATE_METHOD_MATCH = YES;
				COPY_PHASE_STRIP = NO;
				DEBUG_INFORMATION_FORMAT = dwarf;
				ENABLE_STRICT_OBJC_MSGSEND = YES;
				ENABLE_TESTABILITY = YES;
				GCC_C_LANGUAGE_STANDARD = gnu11;
				GCC_DYNAMIC_NO_PIC = NO;
				GCC_NO_COMMON_BLOCKS = YES;
				GCC_OPTIMIZATION_LEVEL = 0;
				GCC_PREPROCESSOR_DEFINITIONS = (
					"DEBUG=1",
					"$(inherited)",
				);
				GCC_WARN_64_TO_32_BIT_CONVERSION = YES;
				GCC_WARN_ABOUT_RETURN_TYPE = YES_ERROR;
				GCC_WARN_UNDECLARED_SELECTOR = YES;
				GCC_WARN_UNINITIALIZED_AUTOS = YES_AGGRESSIVE;
				GCC_WARN_UNUSED_FUNCTION = YES;
				GCC_WARN_UNUSED_VARIABLE = YES;
				IPHONEOS_DEPLOYMENT_TARGET = 15.2;
				MTL_ENABLE_DEBUG_INFO = INCLUDE_SOURCE;
				MTL_FAST_MATH = YES;
				ONLY_ACTIVE_ARCH = YES;
				SDKROOT = iphoneos;
				SWIFT_ACTIVE_COMPILATION_CONDITIONS = DEBUG;
				SWIFT_OPTIMIZATION_LEVEL = "-Onone";
			};
			name = Debug;
		};
		5FF551A828D20DAB00FC9E75 /* Release */ = {
			isa = XCBuildConfiguration;
			buildSettings = {
				ALWAYS_SEARCH_USER_PATHS = NO;
				CLANG_ANALYZER_NONNULL = YES;
				CLANG_ANALYZER_NUMBER_OBJECT_CONVERSION = YES_AGGRESSIVE;
				CLANG_CXX_LANGUAGE_STANDARD = "gnu++17";
				CLANG_CXX_LIBRARY = "libc++";
				CLANG_ENABLE_MODULES = YES;
				CLANG_ENABLE_OBJC_ARC = YES;
				CLANG_ENABLE_OBJC_WEAK = YES;
				CLANG_WARN_BLOCK_CAPTURE_AUTORELEASING = YES;
				CLANG_WARN_BOOL_CONVERSION = YES;
				CLANG_WARN_COMMA = YES;
				CLANG_WARN_CONSTANT_CONVERSION = YES;
				CLANG_WARN_DEPRECATED_OBJC_IMPLEMENTATIONS = YES;
				CLANG_WARN_DIRECT_OBJC_ISA_USAGE = YES_ERROR;
				CLANG_WARN_DOCUMENTATION_COMMENTS = YES;
				CLANG_WARN_EMPTY_BODY = YES;
				CLANG_WARN_ENUM_CONVERSION = YES;
				CLANG_WARN_INFINITE_RECURSION = YES;
				CLANG_WARN_INT_CONVERSION = YES;
				CLANG_WARN_NON_LITERAL_NULL_CONVERSION = YES;
				CLANG_WARN_OBJC_IMPLICIT_RETAIN_SELF = YES;
				CLANG_WARN_OBJC_LITERAL_CONVERSION = YES;
				CLANG_WARN_OBJC_ROOT_CLASS = YES_ERROR;
				CLANG_WARN_QUOTED_INCLUDE_IN_FRAMEWORK_HEADER = YES;
				CLANG_WARN_RANGE_LOOP_ANALYSIS = YES;
				CLANG_WARN_STRICT_PROTOTYPES = YES;
				CLANG_WARN_SUSPICIOUS_MOVE = YES;
				CLANG_WARN_UNGUARDED_AVAILABILITY = YES_AGGRESSIVE;
				CLANG_WARN_UNREACHABLE_CODE = YES;
				CLANG_WARN__DUPLICATE_METHOD_MATCH = YES;
				COPY_PHASE_STRIP = NO;
				DEBUG_INFORMATION_FORMAT = "dwarf-with-dsym";
				ENABLE_NS_ASSERTIONS = NO;
				ENABLE_STRICT_OBJC_MSGSEND = YES;
				GCC_C_LANGUAGE_STANDARD = gnu11;
				GCC_NO_COMMON_BLOCKS = YES;
				GCC_WARN_64_TO_32_BIT_CONVERSION = YES;
				GCC_WARN_ABOUT_RETURN_TYPE = YES_ERROR;
				GCC_WARN_UNDECLARED_SELECTOR = YES;
				GCC_WARN_UNINITIALIZED_AUTOS = YES_AGGRESSIVE;
				GCC_WARN_UNUSED_FUNCTION = YES;
				GCC_WARN_UNUSED_VARIABLE = YES;
				IPHONEOS_DEPLOYMENT_TARGET = 15.2;
				MTL_ENABLE_DEBUG_INFO = NO;
				MTL_FAST_MATH = YES;
				SDKROOT = iphoneos;
				SWIFT_COMPILATION_MODE = wholemodule;
				SWIFT_OPTIMIZATION_LEVEL = "-O";
				VALIDATE_PRODUCT = YES;
			};
			name = Release;
		};
		5FF551AA28D20DAB00FC9E75 /* Debug */ = {
			isa = XCBuildConfiguration;
			buildSettings = {
				ASSETCATALOG_COMPILER_APPICON_NAME = AppIcon;
				ASSETCATALOG_COMPILER_GLOBAL_ACCENT_COLOR_NAME = AccentColor;
				CODE_SIGN_STYLE = Automatic;
				CURRENT_PROJECT_VERSION = 1;
				GENERATE_INFOPLIST_FILE = YES;
				INFOPLIST_FILE = RickAndMortyByLenar/Info.plist;
				INFOPLIST_KEY_UIApplicationSupportsIndirectInputEvents = YES;
				INFOPLIST_KEY_UILaunchStoryboardName = LaunchScreen;
				INFOPLIST_KEY_UIMainStoryboardFile = Main;
				INFOPLIST_KEY_UISupportedInterfaceOrientations_iPad = "UIInterfaceOrientationPortrait UIInterfaceOrientationPortraitUpsideDown UIInterfaceOrientationLandscapeLeft UIInterfaceOrientationLandscapeRight";
				INFOPLIST_KEY_UISupportedInterfaceOrientations_iPhone = "UIInterfaceOrientationPortrait UIInterfaceOrientationLandscapeLeft UIInterfaceOrientationLandscapeRight";
				LD_RUNPATH_SEARCH_PATHS = (
					"$(inherited)",
					"@executable_path/Frameworks",
				);
				MARKETING_VERSION = 1.0;
				PRODUCT_BUNDLE_IDENTIFIER = com.lenarbadykov.RickAndMortyByLenar;
				PRODUCT_NAME = "$(TARGET_NAME)";
				SWIFT_EMIT_LOC_STRINGS = YES;
				SWIFT_VERSION = 5.0;
				TARGETED_DEVICE_FAMILY = "1,2";
			};
			name = Debug;
		};
		5FF551AB28D20DAB00FC9E75 /* Release */ = {
			isa = XCBuildConfiguration;
			buildSettings = {
				ASSETCATALOG_COMPILER_APPICON_NAME = AppIcon;
				ASSETCATALOG_COMPILER_GLOBAL_ACCENT_COLOR_NAME = AccentColor;
				CODE_SIGN_STYLE = Automatic;
				CURRENT_PROJECT_VERSION = 1;
				GENERATE_INFOPLIST_FILE = YES;
				INFOPLIST_FILE = RickAndMortyByLenar/Info.plist;
				INFOPLIST_KEY_UIApplicationSupportsIndirectInputEvents = YES;
				INFOPLIST_KEY_UILaunchStoryboardName = LaunchScreen;
				INFOPLIST_KEY_UIMainStoryboardFile = Main;
				INFOPLIST_KEY_UISupportedInterfaceOrientations_iPad = "UIInterfaceOrientationPortrait UIInterfaceOrientationPortraitUpsideDown UIInterfaceOrientationLandscapeLeft UIInterfaceOrientationLandscapeRight";
				INFOPLIST_KEY_UISupportedInterfaceOrientations_iPhone = "UIInterfaceOrientationPortrait UIInterfaceOrientationLandscapeLeft UIInterfaceOrientationLandscapeRight";
				LD_RUNPATH_SEARCH_PATHS = (
					"$(inherited)",
					"@executable_path/Frameworks",
				);
				MARKETING_VERSION = 1.0;
				PRODUCT_BUNDLE_IDENTIFIER = com.lenarbadykov.RickAndMortyByLenar;
				PRODUCT_NAME = "$(TARGET_NAME)";
				SWIFT_EMIT_LOC_STRINGS = YES;
				SWIFT_VERSION = 5.0;
				TARGETED_DEVICE_FAMILY = "1,2";
			};
			name = Release;
		};
		5FF551AD28D20DAB00FC9E75 /* Debug */ = {
			isa = XCBuildConfiguration;
			buildSettings = {
				ALWAYS_EMBED_SWIFT_STANDARD_LIBRARIES = YES;
				BUNDLE_LOADER = "$(TEST_HOST)";
				CODE_SIGN_STYLE = Automatic;
				CURRENT_PROJECT_VERSION = 1;
				GENERATE_INFOPLIST_FILE = YES;
				IPHONEOS_DEPLOYMENT_TARGET = 15.2;
				MARKETING_VERSION = 1.0;
				PRODUCT_BUNDLE_IDENTIFIER = com.lenarbadykov.RickAndMortyByLenarTests;
				PRODUCT_NAME = "$(TARGET_NAME)";
				SWIFT_EMIT_LOC_STRINGS = NO;
				SWIFT_VERSION = 5.0;
				TARGETED_DEVICE_FAMILY = "1,2";
				TEST_HOST = "$(BUILT_PRODUCTS_DIR)/RickAndMortyByLenar.app/RickAndMortyByLenar";
			};
			name = Debug;
		};
		5FF551AE28D20DAB00FC9E75 /* Release */ = {
			isa = XCBuildConfiguration;
			buildSettings = {
				ALWAYS_EMBED_SWIFT_STANDARD_LIBRARIES = YES;
				BUNDLE_LOADER = "$(TEST_HOST)";
				CODE_SIGN_STYLE = Automatic;
				CURRENT_PROJECT_VERSION = 1;
				GENERATE_INFOPLIST_FILE = YES;
				IPHONEOS_DEPLOYMENT_TARGET = 15.2;
				MARKETING_VERSION = 1.0;
				PRODUCT_BUNDLE_IDENTIFIER = com.lenarbadykov.RickAndMortyByLenarTests;
				PRODUCT_NAME = "$(TARGET_NAME)";
				SWIFT_EMIT_LOC_STRINGS = NO;
				SWIFT_VERSION = 5.0;
				TARGETED_DEVICE_FAMILY = "1,2";
				TEST_HOST = "$(BUILT_PRODUCTS_DIR)/RickAndMortyByLenar.app/RickAndMortyByLenar";
			};
			name = Release;
		};
		5FF551B028D20DAB00FC9E75 /* Debug */ = {
			isa = XCBuildConfiguration;
			buildSettings = {
				ALWAYS_EMBED_SWIFT_STANDARD_LIBRARIES = YES;
				CODE_SIGN_STYLE = Automatic;
				CURRENT_PROJECT_VERSION = 1;
				GENERATE_INFOPLIST_FILE = YES;
				MARKETING_VERSION = 1.0;
				PRODUCT_BUNDLE_IDENTIFIER = com.lenarbadykov.RickAndMortyByLenarUITests;
				PRODUCT_NAME = "$(TARGET_NAME)";
				SWIFT_EMIT_LOC_STRINGS = NO;
				SWIFT_VERSION = 5.0;
				TARGETED_DEVICE_FAMILY = "1,2";
				TEST_TARGET_NAME = RickAndMortyByLenar;
			};
			name = Debug;
		};
		5FF551B128D20DAB00FC9E75 /* Release */ = {
			isa = XCBuildConfiguration;
			buildSettings = {
				ALWAYS_EMBED_SWIFT_STANDARD_LIBRARIES = YES;
				CODE_SIGN_STYLE = Automatic;
				CURRENT_PROJECT_VERSION = 1;
				GENERATE_INFOPLIST_FILE = YES;
				MARKETING_VERSION = 1.0;
				PRODUCT_BUNDLE_IDENTIFIER = com.lenarbadykov.RickAndMortyByLenarUITests;
				PRODUCT_NAME = "$(TARGET_NAME)";
				SWIFT_EMIT_LOC_STRINGS = NO;
				SWIFT_VERSION = 5.0;
				TARGETED_DEVICE_FAMILY = "1,2";
				TEST_TARGET_NAME = RickAndMortyByLenar;
			};
			name = Release;
		};
/* End XCBuildConfiguration section */

/* Begin XCConfigurationList section */
		5FF5517A28D20DAA00FC9E75 /* Build configuration list for PBXProject "RickAndMortyByLenar" */ = {
			isa = XCConfigurationList;
			buildConfigurations = (
				5FF551A728D20DAB00FC9E75 /* Debug */,
				5FF551A828D20DAB00FC9E75 /* Release */,
			);
			defaultConfigurationIsVisible = 0;
			defaultConfigurationName = Release;
		};
		5FF551A928D20DAB00FC9E75 /* Build configuration list for PBXNativeTarget "RickAndMortyByLenar" */ = {
			isa = XCConfigurationList;
			buildConfigurations = (
				5FF551AA28D20DAB00FC9E75 /* Debug */,
				5FF551AB28D20DAB00FC9E75 /* Release */,
			);
			defaultConfigurationIsVisible = 0;
			defaultConfigurationName = Release;
		};
		5FF551AC28D20DAB00FC9E75 /* Build configuration list for PBXNativeTarget "RickAndMortyByLenarTests" */ = {
			isa = XCConfigurationList;
			buildConfigurations = (
				5FF551AD28D20DAB00FC9E75 /* Debug */,
				5FF551AE28D20DAB00FC9E75 /* Release */,
			);
			defaultConfigurationIsVisible = 0;
			defaultConfigurationName = Release;
		};
		5FF551AF28D20DAB00FC9E75 /* Build configuration list for PBXNativeTarget "RickAndMortyByLenarUITests" */ = {
			isa = XCConfigurationList;
			buildConfigurations = (
				5FF551B028D20DAB00FC9E75 /* Debug */,
				5FF551B128D20DAB00FC9E75 /* Release */,
			);
			defaultConfigurationIsVisible = 0;
			defaultConfigurationName = Release;
		};
/* End XCConfigurationList section */
	};
	rootObject = 5FF5517728D20DAA00FC9E75 /* Project object */;
}
